// !$*UTF8*$!
{
	archiveVersion = 1;
	classes = {
	};
	objectVersion = 46;
	objects = {

/* Begin PBXBuildFile section */
		DE3F3BB617A7E5B1001B5707 /* TextViewController.m in Sources */ = {isa = PBXBuildFile; fileRef = DE3F3BB417A7E1E3001B5707 /* TextViewController.m */; };
		DEA9C03717A7C682000EE522 /* Foundation.framework in Frameworks */ = {isa = PBXBuildFile; fileRef = DEA9C03617A7C682000EE522 /* Foundation.framework */; };
		DEA9C03917A7C682000EE522 /* CoreGraphics.framework in Frameworks */ = {isa = PBXBuildFile; fileRef = DEA9C03817A7C682000EE522 /* CoreGraphics.framework */; };
		DEA9C03B17A7C682000EE522 /* UIKit.framework in Frameworks */ = {isa = PBXBuildFile; fileRef = DEA9C03A17A7C682000EE522 /* UIKit.framework */; };
		DEA9C04117A7C682000EE522 /* InfoPlist.strings in Resources */ = {isa = PBXBuildFile; fileRef = DEA9C03F17A7C682000EE522 /* InfoPlist.strings */; };
		DEA9C04317A7C682000EE522 /* main.m in Sources */ = {isa = PBXBuildFile; fileRef = DEA9C04217A7C682000EE522 /* main.m */; };
		DEA9C04717A7C682000EE522 /* AppDelegate.m in Sources */ = {isa = PBXBuildFile; fileRef = DEA9C04617A7C682000EE522 /* AppDelegate.m */; };
		DEA9C04A17A7C682000EE522 /* Main.storyboard in Resources */ = {isa = PBXBuildFile; fileRef = DEA9C04817A7C682000EE522 /* Main.storyboard */; };
		DEA9C04D17A7C682000EE522 /* ViewController.m in Sources */ = {isa = PBXBuildFile; fileRef = DEA9C04C17A7C682000EE522 /* ViewController.m */; };
		DEA9C04F17A7C682000EE522 /* Images.xcassets in Resources */ = {isa = PBXBuildFile; fileRef = DEA9C04E17A7C682000EE522 /* Images.xcassets */; };
		DEA9C05617A7C682000EE522 /* XCTest.framework in Frameworks */ = {isa = PBXBuildFile; fileRef = DEA9C05517A7C682000EE522 /* XCTest.framework */; };
		DEA9C05717A7C682000EE522 /* Foundation.framework in Frameworks */ = {isa = PBXBuildFile; fileRef = DEA9C03617A7C682000EE522 /* Foundation.framework */; };
		DEA9C05817A7C682000EE522 /* UIKit.framework in Frameworks */ = {isa = PBXBuildFile; fileRef = DEA9C03A17A7C682000EE522 /* UIKit.framework */; };
		DEA9C06017A7C682000EE522 /* InfoPlist.strings in Resources */ = {isa = PBXBuildFile; fileRef = DEA9C05E17A7C682000EE522 /* InfoPlist.strings */; };
		DEA9C06217A7C682000EE522 /* StoryAppProtoTests.m in Sources */ = {isa = PBXBuildFile; fileRef = DEA9C06117A7C682000EE522 /* StoryAppProtoTests.m */; };
		DEABA98117A9858B005B6F9E /* TextFilterToolbar.m in Sources */ = {isa = PBXBuildFile; fileRef = DEABA98017A9858B005B6F9E /* TextFilterToolbar.m */; };
		DEF54F7A17A98AB400BDB7D7 /* TextViewController.xib in Resources */ = {isa = PBXBuildFile; fileRef = DEF54F7917A98A9700BDB7D7 /* TextViewController.xib */; };
		DEF54F7F17A98DA300BDB7D7 /* Bg-Navbar-Shadow@2x.png in Resources */ = {isa = PBXBuildFile; fileRef = DEF54F7C17A98DA300BDB7D7 /* Bg-Navbar-Shadow@2x.png */; };
		DEF54F8017A98DA300BDB7D7 /* Btn-NavBar-Back@2x.png in Resources */ = {isa = PBXBuildFile; fileRef = DEF54F7D17A98DA300BDB7D7 /* Btn-NavBar-Back@2x.png */; };
		DEF54F8117A98DA300BDB7D7 /* Btn-NavBar-Done@2x.png in Resources */ = {isa = PBXBuildFile; fileRef = DEF54F7E17A98DA300BDB7D7 /* Btn-NavBar-Done@2x.png */; };
		DEF54F8517A98DB400BDB7D7 /* Btn-CreateChoice-Gif@2x.png in Resources */ = {isa = PBXBuildFile; fileRef = DEF54F8217A98DB400BDB7D7 /* Btn-CreateChoice-Gif@2x.png */; };
		DEF54F8617A98DB400BDB7D7 /* Btn-CreateChoice-Photo@2x.png in Resources */ = {isa = PBXBuildFile; fileRef = DEF54F8317A98DB400BDB7D7 /* Btn-CreateChoice-Photo@2x.png */; };
		DEF54F8717A98DB400BDB7D7 /* Btn-CreateChoice-Text@2x.png in Resources */ = {isa = PBXBuildFile; fileRef = DEF54F8417A98DB400BDB7D7 /* Btn-CreateChoice-Text@2x.png */; };
		DEF54F9717A98DE200BDB7D7 /* Btn-CreateText-Align-Center@2x.png in Resources */ = {isa = PBXBuildFile; fileRef = DEF54F8917A98DE200BDB7D7 /* Btn-CreateText-Align-Center@2x.png */; };
		DEF54F9817A98DE200BDB7D7 /* Btn-CreateText-Align-Left@2x.png in Resources */ = {isa = PBXBuildFile; fileRef = DEF54F8A17A98DE200BDB7D7 /* Btn-CreateText-Align-Left@2x.png */; };
		DEF54F9917A98DE200BDB7D7 /* Btn-CreateText-Align-Right@2x.png in Resources */ = {isa = PBXBuildFile; fileRef = DEF54F8B17A98DE200BDB7D7 /* Btn-CreateText-Align-Right@2x.png */; };
		DEF54F9A17A98DE200BDB7D7 /* Btn-CreateText-Align-VerticalBottom@2x.png in Resources */ = {isa = PBXBuildFile; fileRef = DEF54F8C17A98DE200BDB7D7 /* Btn-CreateText-Align-VerticalBottom@2x.png */; };
		DEF54F9B17A98DE200BDB7D7 /* Btn-CreateText-Align-VerticalCenter@2x.png in Resources */ = {isa = PBXBuildFile; fileRef = DEF54F8D17A98DE200BDB7D7 /* Btn-CreateText-Align-VerticalCenter@2x.png */; };
		DEF54F9C17A98DE200BDB7D7 /* Btn-CreateText-Align-VerticalTop@2x.png in Resources */ = {isa = PBXBuildFile; fileRef = DEF54F8E17A98DE200BDB7D7 /* Btn-CreateText-Align-VerticalTop@2x.png */; };
		DEF54F9D17A98DE200BDB7D7 /* Btn-CreateText-Cancel@2x.png in Resources */ = {isa = PBXBuildFile; fileRef = DEF54F8F17A98DE200BDB7D7 /* Btn-CreateText-Cancel@2x.png */; };
		DEF54F9E17A98DE200BDB7D7 /* Btn-CreateText-Color@2x.png in Resources */ = {isa = PBXBuildFile; fileRef = DEF54F9017A98DE200BDB7D7 /* Btn-CreateText-Color@2x.png */; };
		DEF54F9F17A98DE200BDB7D7 /* Btn-CreateText-DoneWhite@2x.png in Resources */ = {isa = PBXBuildFile; fileRef = DEF54F9117A98DE200BDB7D7 /* Btn-CreateText-DoneWhite@2x.png */; };
		DEF54FA017A98DE200BDB7D7 /* Btn-CreateText-Eyedropper@2x.png in Resources */ = {isa = PBXBuildFile; fileRef = DEF54F9217A98DE200BDB7D7 /* Btn-CreateText-Eyedropper@2x.png */; };
		DEF54FA117A98DE200BDB7D7 /* Btn-CreateText-FontSize@2x.png in Resources */ = {isa = PBXBuildFile; fileRef = DEF54F9317A98DE200BDB7D7 /* Btn-CreateText-FontSize@2x.png */; };
		DEF54FA217A98DE200BDB7D7 /* Btn-CreateText-FontSizeSlider@2x.png in Resources */ = {isa = PBXBuildFile; fileRef = DEF54F9417A98DE200BDB7D7 /* Btn-CreateText-FontSizeSlider@2x.png */; };
		DEF54FA317A98DE200BDB7D7 /* Btn-CreateText-ResizeMarker@2x.png in Resources */ = {isa = PBXBuildFile; fileRef = DEF54F9517A98DE200BDB7D7 /* Btn-CreateText-ResizeMarker@2x.png */; };
		DEF54FA417A98DE200BDB7D7 /* Btn-CreateText-SliderMarker@2x.png in Resources */ = {isa = PBXBuildFile; fileRef = DEF54F9617A98DE200BDB7D7 /* Btn-CreateText-SliderMarker@2x.png */; };
		DEF54FA717A997A200BDB7D7 /* Btn-CreateText-Font@2x.png in Resources */ = {isa = PBXBuildFile; fileRef = DEF54FA617A997A200BDB7D7 /* Btn-CreateText-Font@2x.png */; };
/* End PBXBuildFile section */

/* Begin PBXContainerItemProxy section */
		DEA9C05917A7C682000EE522 /* PBXContainerItemProxy */ = {
			isa = PBXContainerItemProxy;
			containerPortal = DEA9C02B17A7C682000EE522 /* Project object */;
			proxyType = 1;
			remoteGlobalIDString = DEA9C03217A7C682000EE522;
			remoteInfo = StoryAppProto;
		};
/* End PBXContainerItemProxy section */

/* Begin PBXFileReference section */
		DE3F3BAC17A7E18C001B5707 /* GifViewController.h */ = {isa = PBXFileReference; lastKnownFileType = sourcecode.c.h; path = GifViewController.h; sourceTree = "<group>"; };
		DE3F3BAD17A7E18C001B5707 /* GifViewController.m */ = {isa = PBXFileReference; lastKnownFileType = sourcecode.c.objc; path = GifViewController.m; sourceTree = "<group>"; };
		DE3F3BAF17A7E1B1001B5707 /* ImagesViewController.h */ = {isa = PBXFileReference; lastKnownFileType = sourcecode.c.h; name = ImagesViewController.h; path = ../ImagesViewController.h; sourceTree = "<group>"; };
		DE3F3BB017A7E1B1001B5707 /* ImagesViewController.m */ = {isa = PBXFileReference; lastKnownFileType = sourcecode.c.objc; name = ImagesViewController.m; path = ../ImagesViewController.m; sourceTree = "<group>"; };
		DE3F3BB317A7E1E3001B5707 /* TextViewController.h */ = {isa = PBXFileReference; lastKnownFileType = sourcecode.c.h; path = TextViewController.h; sourceTree = "<group>"; };
		DE3F3BB417A7E1E3001B5707 /* TextViewController.m */ = {isa = PBXFileReference; lastKnownFileType = sourcecode.c.objc; path = TextViewController.m; sourceTree = "<group>"; };
		DEA9C03317A7C682000EE522 /* StoryAppProto.app */ = {isa = PBXFileReference; explicitFileType = wrapper.application; includeInIndex = 0; path = StoryAppProto.app; sourceTree = BUILT_PRODUCTS_DIR; };
		DEA9C03617A7C682000EE522 /* Foundation.framework */ = {isa = PBXFileReference; lastKnownFileType = wrapper.framework; name = Foundation.framework; path = System/Library/Frameworks/Foundation.framework; sourceTree = SDKROOT; };
		DEA9C03817A7C682000EE522 /* CoreGraphics.framework */ = {isa = PBXFileReference; lastKnownFileType = wrapper.framework; name = CoreGraphics.framework; path = System/Library/Frameworks/CoreGraphics.framework; sourceTree = SDKROOT; };
		DEA9C03A17A7C682000EE522 /* UIKit.framework */ = {isa = PBXFileReference; lastKnownFileType = wrapper.framework; name = UIKit.framework; path = System/Library/Frameworks/UIKit.framework; sourceTree = SDKROOT; };
		DEA9C03E17A7C682000EE522 /* StoryAppProto-Info.plist */ = {isa = PBXFileReference; lastKnownFileType = text.plist.xml; path = "StoryAppProto-Info.plist"; sourceTree = "<group>"; };
		DEA9C04017A7C682000EE522 /* en */ = {isa = PBXFileReference; lastKnownFileType = text.plist.strings; name = en; path = en.lproj/InfoPlist.strings; sourceTree = "<group>"; };
		DEA9C04217A7C682000EE522 /* main.m */ = {isa = PBXFileReference; lastKnownFileType = sourcecode.c.objc; path = main.m; sourceTree = "<group>"; };
		DEA9C04417A7C682000EE522 /* StoryAppProto-Prefix.pch */ = {isa = PBXFileReference; lastKnownFileType = sourcecode.c.h; path = "StoryAppProto-Prefix.pch"; sourceTree = "<group>"; };
		DEA9C04517A7C682000EE522 /* AppDelegate.h */ = {isa = PBXFileReference; lastKnownFileType = sourcecode.c.h; path = AppDelegate.h; sourceTree = "<group>"; };
		DEA9C04617A7C682000EE522 /* AppDelegate.m */ = {isa = PBXFileReference; lastKnownFileType = sourcecode.c.objc; path = AppDelegate.m; sourceTree = "<group>"; };
		DEA9C04917A7C682000EE522 /* Base */ = {isa = PBXFileReference; lastKnownFileType = file.storyboard; name = Base; path = Base.lproj/Main.storyboard; sourceTree = "<group>"; };
		DEA9C04B17A7C682000EE522 /* ViewController.h */ = {isa = PBXFileReference; lastKnownFileType = sourcecode.c.h; path = ViewController.h; sourceTree = "<group>"; };
		DEA9C04C17A7C682000EE522 /* ViewController.m */ = {isa = PBXFileReference; lastKnownFileType = sourcecode.c.objc; path = ViewController.m; sourceTree = "<group>"; };
		DEA9C04E17A7C682000EE522 /* Images.xcassets */ = {isa = PBXFileReference; lastKnownFileType = folder.assetcatalog; path = Images.xcassets; sourceTree = "<group>"; };
		DEA9C05417A7C682000EE522 /* StoryAppProtoTests.xctest */ = {isa = PBXFileReference; explicitFileType = wrapper.cfbundle; includeInIndex = 0; path = StoryAppProtoTests.xctest; sourceTree = BUILT_PRODUCTS_DIR; };
		DEA9C05517A7C682000EE522 /* XCTest.framework */ = {isa = PBXFileReference; lastKnownFileType = wrapper.framework; name = XCTest.framework; path = Library/Frameworks/XCTest.framework; sourceTree = DEVELOPER_DIR; };
		DEA9C05D17A7C682000EE522 /* StoryAppProtoTests-Info.plist */ = {isa = PBXFileReference; lastKnownFileType = text.plist.xml; path = "StoryAppProtoTests-Info.plist"; sourceTree = "<group>"; };
		DEA9C05F17A7C682000EE522 /* en */ = {isa = PBXFileReference; lastKnownFileType = text.plist.strings; name = en; path = en.lproj/InfoPlist.strings; sourceTree = "<group>"; };
		DEA9C06117A7C682000EE522 /* StoryAppProtoTests.m */ = {isa = PBXFileReference; lastKnownFileType = sourcecode.c.objc; path = StoryAppProtoTests.m; sourceTree = "<group>"; };
		DEABA97E17A97EA8005B6F9E /* GlobalDefines.h */ = {isa = PBXFileReference; fileEncoding = 4; lastKnownFileType = sourcecode.c.h; path = GlobalDefines.h; sourceTree = "<group>"; };
		DEABA97F17A9858B005B6F9E /* TextFilterToolbar.h */ = {isa = PBXFileReference; fileEncoding = 4; lastKnownFileType = sourcecode.c.h; path = TextFilterToolbar.h; sourceTree = "<group>"; };
		DEABA98017A9858B005B6F9E /* TextFilterToolbar.m */ = {isa = PBXFileReference; fileEncoding = 4; lastKnownFileType = sourcecode.c.objc; path = TextFilterToolbar.m; sourceTree = "<group>"; };
		DEF54F7917A98A9700BDB7D7 /* TextViewController.xib */ = {isa = PBXFileReference; lastKnownFileType = file.xib; path = TextViewController.xib; sourceTree = "<group>"; };
		DEF54F7C17A98DA300BDB7D7 /* Bg-Navbar-Shadow@2x.png */ = {isa = PBXFileReference; lastKnownFileType = image.png; name = "Bg-Navbar-Shadow@2x.png"; path = "Resources/Images/NavigationImages/Bg-Navbar-Shadow@2x.png"; sourceTree = "<group>"; };
		DEF54F7D17A98DA300BDB7D7 /* Btn-NavBar-Back@2x.png */ = {isa = PBXFileReference; lastKnownFileType = image.png; name = "Btn-NavBar-Back@2x.png"; path = "Resources/Images/NavigationImages/Btn-NavBar-Back@2x.png"; sourceTree = "<group>"; };
		DEF54F7E17A98DA300BDB7D7 /* Btn-NavBar-Done@2x.png */ = {isa = PBXFileReference; lastKnownFileType = image.png; name = "Btn-NavBar-Done@2x.png"; path = "Resources/Images/NavigationImages/Btn-NavBar-Done@2x.png"; sourceTree = "<group>"; };
		DEF54F8217A98DB400BDB7D7 /* Btn-CreateChoice-Gif@2x.png */ = {isa = PBXFileReference; lastKnownFileType = image.png; name = "Btn-CreateChoice-Gif@2x.png"; path = "Resources/Images/MainView/Btn-CreateChoice-Gif@2x.png"; sourceTree = "<group>"; };
		DEF54F8317A98DB400BDB7D7 /* Btn-CreateChoice-Photo@2x.png */ = {isa = PBXFileReference; lastKnownFileType = image.png; name = "Btn-CreateChoice-Photo@2x.png"; path = "Resources/Images/MainView/Btn-CreateChoice-Photo@2x.png"; sourceTree = "<group>"; };
		DEF54F8417A98DB400BDB7D7 /* Btn-CreateChoice-Text@2x.png */ = {isa = PBXFileReference; lastKnownFileType = image.png; name = "Btn-CreateChoice-Text@2x.png"; path = "Resources/Images/MainView/Btn-CreateChoice-Text@2x.png"; sourceTree = "<group>"; };
		DEF54F8917A98DE200BDB7D7 /* Btn-CreateText-Align-Center@2x.png */ = {isa = PBXFileReference; lastKnownFileType = image.png; name = "Btn-CreateText-Align-Center@2x.png"; path = "Resources/Images/Text/Btn-CreateText-Align-Center@2x.png"; sourceTree = "<group>"; };
		DEF54F8A17A98DE200BDB7D7 /* Btn-CreateText-Align-Left@2x.png */ = {isa = PBXFileReference; lastKnownFileType = image.png; name = "Btn-CreateText-Align-Left@2x.png"; path = "Resources/Images/Text/Btn-CreateText-Align-Left@2x.png"; sourceTree = "<group>"; };
		DEF54F8B17A98DE200BDB7D7 /* Btn-CreateText-Align-Right@2x.png */ = {isa = PBXFileReference; lastKnownFileType = image.png; name = "Btn-CreateText-Align-Right@2x.png"; path = "Resources/Images/Text/Btn-CreateText-Align-Right@2x.png"; sourceTree = "<group>"; };
		DEF54F8C17A98DE200BDB7D7 /* Btn-CreateText-Align-VerticalBottom@2x.png */ = {isa = PBXFileReference; lastKnownFileType = image.png; name = "Btn-CreateText-Align-VerticalBottom@2x.png"; path = "Resources/Images/Text/Btn-CreateText-Align-VerticalBottom@2x.png"; sourceTree = "<group>"; };
		DEF54F8D17A98DE200BDB7D7 /* Btn-CreateText-Align-VerticalCenter@2x.png */ = {isa = PBXFileReference; lastKnownFileType = image.png; name = "Btn-CreateText-Align-VerticalCenter@2x.png"; path = "Resources/Images/Text/Btn-CreateText-Align-VerticalCenter@2x.png"; sourceTree = "<group>"; };
		DEF54F8E17A98DE200BDB7D7 /* Btn-CreateText-Align-VerticalTop@2x.png */ = {isa = PBXFileReference; lastKnownFileType = image.png; name = "Btn-CreateText-Align-VerticalTop@2x.png"; path = "Resources/Images/Text/Btn-CreateText-Align-VerticalTop@2x.png"; sourceTree = "<group>"; };
		DEF54F8F17A98DE200BDB7D7 /* Btn-CreateText-Cancel@2x.png */ = {isa = PBXFileReference; lastKnownFileType = image.png; name = "Btn-CreateText-Cancel@2x.png"; path = "Resources/Images/Text/Btn-CreateText-Cancel@2x.png"; sourceTree = "<group>"; };
		DEF54F9017A98DE200BDB7D7 /* Btn-CreateText-Color@2x.png */ = {isa = PBXFileReference; lastKnownFileType = image.png; name = "Btn-CreateText-Color@2x.png"; path = "Resources/Images/Text/Btn-CreateText-Color@2x.png"; sourceTree = "<group>"; };
		DEF54F9117A98DE200BDB7D7 /* Btn-CreateText-DoneWhite@2x.png */ = {isa = PBXFileReference; lastKnownFileType = image.png; name = "Btn-CreateText-DoneWhite@2x.png"; path = "Resources/Images/Text/Btn-CreateText-DoneWhite@2x.png"; sourceTree = "<group>"; };
		DEF54F9217A98DE200BDB7D7 /* Btn-CreateText-Eyedropper@2x.png */ = {isa = PBXFileReference; lastKnownFileType = image.png; name = "Btn-CreateText-Eyedropper@2x.png"; path = "Resources/Images/Text/Btn-CreateText-Eyedropper@2x.png"; sourceTree = "<group>"; };
		DEF54F9317A98DE200BDB7D7 /* Btn-CreateText-FontSize@2x.png */ = {isa = PBXFileReference; lastKnownFileType = image.png; name = "Btn-CreateText-FontSize@2x.png"; path = "Resources/Images/Text/Btn-CreateText-FontSize@2x.png"; sourceTree = "<group>"; };
		DEF54F9417A98DE200BDB7D7 /* Btn-CreateText-FontSizeSlider@2x.png */ = {isa = PBXFileReference; lastKnownFileType = image.png; name = "Btn-CreateText-FontSizeSlider@2x.png"; path = "Resources/Images/Text/Btn-CreateText-FontSizeSlider@2x.png"; sourceTree = "<group>"; };
		DEF54F9517A98DE200BDB7D7 /* Btn-CreateText-ResizeMarker@2x.png */ = {isa = PBXFileReference; lastKnownFileType = image.png; name = "Btn-CreateText-ResizeMarker@2x.png"; path = "Resources/Images/Text/Btn-CreateText-ResizeMarker@2x.png"; sourceTree = "<group>"; };
		DEF54F9617A98DE200BDB7D7 /* Btn-CreateText-SliderMarker@2x.png */ = {isa = PBXFileReference; lastKnownFileType = image.png; name = "Btn-CreateText-SliderMarker@2x.png"; path = "Resources/Images/Text/Btn-CreateText-SliderMarker@2x.png"; sourceTree = "<group>"; };
		DEF54FA617A997A200BDB7D7 /* Btn-CreateText-Font@2x.png */ = {isa = PBXFileReference; lastKnownFileType = image.png; name = "Btn-CreateText-Font@2x.png"; path = "Resources/Images/Text/Btn-CreateText-Font@2x.png"; sourceTree = "<group>"; };
/* End PBXFileReference section */

/* Begin PBXFrameworksBuildPhase section */
		DEA9C03017A7C682000EE522 /* Frameworks */ = {
			isa = PBXFrameworksBuildPhase;
			buildActionMask = 2147483647;
			files = (
				DEA9C03917A7C682000EE522 /* CoreGraphics.framework in Frameworks */,
				DEA9C03B17A7C682000EE522 /* UIKit.framework in Frameworks */,
				DEA9C03717A7C682000EE522 /* Foundation.framework in Frameworks */,
			);
			runOnlyForDeploymentPostprocessing = 0;
		};
		DEA9C05117A7C682000EE522 /* Frameworks */ = {
			isa = PBXFrameworksBuildPhase;
			buildActionMask = 2147483647;
			files = (
				DEA9C05617A7C682000EE522 /* XCTest.framework in Frameworks */,
				DEA9C05817A7C682000EE522 /* UIKit.framework in Frameworks */,
				DEA9C05717A7C682000EE522 /* Foundation.framework in Frameworks */,
			);
			runOnlyForDeploymentPostprocessing = 0;
		};
/* End PBXFrameworksBuildPhase section */

/* Begin PBXGroup section */
		DEA9C02A17A7C682000EE522 = {
			isa = PBXGroup;
			children = (
				DEA9C03C17A7C682000EE522 /* StoryAppProto */,
				DEA9C05B17A7C682000EE522 /* StoryAppProtoTests */,
				DEA9C03517A7C682000EE522 /* Frameworks */,
				DEA9C03417A7C682000EE522 /* Products */,
				DEDFFFDE17A967310004F51F /* Resources */,
			);
			sourceTree = "<group>";
		};
		DEA9C03417A7C682000EE522 /* Products */ = {
			isa = PBXGroup;
			children = (
				DEA9C03317A7C682000EE522 /* StoryAppProto.app */,
				DEA9C05417A7C682000EE522 /* StoryAppProtoTests.xctest */,
			);
			name = Products;
			sourceTree = "<group>";
		};
		DEA9C03517A7C682000EE522 /* Frameworks */ = {
			isa = PBXGroup;
			children = (
				DEA9C03617A7C682000EE522 /* Foundation.framework */,
				DEA9C03817A7C682000EE522 /* CoreGraphics.framework */,
				DEA9C03A17A7C682000EE522 /* UIKit.framework */,
				DEA9C05517A7C682000EE522 /* XCTest.framework */,
			);
			name = Frameworks;
			sourceTree = "<group>";
		};
		DEA9C03C17A7C682000EE522 /* StoryAppProto */ = {
			isa = PBXGroup;
			children = (
				DEDFFFF017A971090004F51F /* Main */,
				DEDFFFEF17A970FA0004F51F /* Gif */,
				DEDFFFEE17A970E80004F51F /* Image */,
				DEDFFFED17A970DA0004F51F /* Text */,
				DEA9C04E17A7C682000EE522 /* Images.xcassets */,
				DEA9C03D17A7C682000EE522 /* Supporting Files */,
			);
			path = StoryAppProto;
			sourceTree = "<group>";
		};
		DEA9C03D17A7C682000EE522 /* Supporting Files */ = {
			isa = PBXGroup;
			children = (
				DEA9C03E17A7C682000EE522 /* StoryAppProto-Info.plist */,
				DEA9C03F17A7C682000EE522 /* InfoPlist.strings */,
				DEA9C04217A7C682000EE522 /* main.m */,
				DEA9C04417A7C682000EE522 /* StoryAppProto-Prefix.pch */,
			);
			name = "Supporting Files";
			sourceTree = "<group>";
		};
		DEA9C05B17A7C682000EE522 /* StoryAppProtoTests */ = {
			isa = PBXGroup;
			children = (
				DEA9C06117A7C682000EE522 /* StoryAppProtoTests.m */,
				DEA9C05C17A7C682000EE522 /* Supporting Files */,
			);
			path = StoryAppProtoTests;
			sourceTree = "<group>";
		};
		DEA9C05C17A7C682000EE522 /* Supporting Files */ = {
			isa = PBXGroup;
			children = (
				DEA9C05D17A7C682000EE522 /* StoryAppProtoTests-Info.plist */,
				DEA9C05E17A7C682000EE522 /* InfoPlist.strings */,
			);
			name = "Supporting Files";
			sourceTree = "<group>";
		};
		DEDFFFDE17A967310004F51F /* Resources */ = {
			isa = PBXGroup;
			children = (
				DEF54F8817A98DBE00BDB7D7 /* Text */,
				DEDFFFE617A969AB0004F51F /* NavigationImages */,
				DEDFFFE517A969930004F51F /* MainView */,
			);
			name = Resources;
			sourceTree = "<group>";
		};
		DEDFFFE517A969930004F51F /* MainView */ = {
			isa = PBXGroup;
			children = (
				DEF54F8217A98DB400BDB7D7 /* Btn-CreateChoice-Gif@2x.png */,
				DEF54F8317A98DB400BDB7D7 /* Btn-CreateChoice-Photo@2x.png */,
				DEF54F8417A98DB400BDB7D7 /* Btn-CreateChoice-Text@2x.png */,
			);
			name = MainView;
			sourceTree = "<group>";
		};
		DEDFFFE617A969AB0004F51F /* NavigationImages */ = {
			isa = PBXGroup;
			children = (
				DEF54F7C17A98DA300BDB7D7 /* Bg-Navbar-Shadow@2x.png */,
				DEF54F7D17A98DA300BDB7D7 /* Btn-NavBar-Back@2x.png */,
				DEF54F7E17A98DA300BDB7D7 /* Btn-NavBar-Done@2x.png */,
			);
			name = NavigationImages;
			sourceTree = "<group>";
		};
		DEDFFFED17A970DA0004F51F /* Text */ = {
			isa = PBXGroup;
			children = (
				DE3F3BB317A7E1E3001B5707 /* TextViewController.h */,
				DE3F3BB417A7E1E3001B5707 /* TextViewController.m */,
				DEABA97F17A9858B005B6F9E /* TextFilterToolbar.h */,
				DEABA98017A9858B005B6F9E /* TextFilterToolbar.m */,
				DEF54F7917A98A9700BDB7D7 /* TextViewController.xib */,
			);
			name = Text;
			sourceTree = "<group>";
		};
		DEDFFFEE17A970E80004F51F /* Image */ = {
			isa = PBXGroup;
			children = (
				DE3F3BAF17A7E1B1001B5707 /* ImagesViewController.h */,
				DE3F3BB017A7E1B1001B5707 /* ImagesViewController.m */,
			);
			name = Image;
			sourceTree = "<group>";
		};
		DEDFFFEF17A970FA0004F51F /* Gif */ = {
			isa = PBXGroup;
			children = (
				DE3F3BAC17A7E18C001B5707 /* GifViewController.h */,
				DE3F3BAD17A7E18C001B5707 /* GifViewController.m */,
			);
			name = Gif;
			sourceTree = "<group>";
		};
		DEDFFFF017A971090004F51F /* Main */ = {
			isa = PBXGroup;
			children = (
				DEA9C04517A7C682000EE522 /* AppDelegate.h */,
				DEA9C04617A7C682000EE522 /* AppDelegate.m */,
				DEA9C04817A7C682000EE522 /* Main.storyboard */,
				DEA9C04B17A7C682000EE522 /* ViewController.h */,
				DEA9C04C17A7C682000EE522 /* ViewController.m */,
				DEABA97E17A97EA8005B6F9E /* GlobalDefines.h */,
			);
			name = Main;
			sourceTree = "<group>";
		};
		DEF54F8817A98DBE00BDB7D7 /* Text */ = {
			isa = PBXGroup;
			children = (
				DEF54FA617A997A200BDB7D7 /* Btn-CreateText-Font@2x.png */,
				DEF54F8917A98DE200BDB7D7 /* Btn-CreateText-Align-Center@2x.png */,
				DEF54F8A17A98DE200BDB7D7 /* Btn-CreateText-Align-Left@2x.png */,
				DEF54F8B17A98DE200BDB7D7 /* Btn-CreateText-Align-Right@2x.png */,
				DEF54F8C17A98DE200BDB7D7 /* Btn-CreateText-Align-VerticalBottom@2x.png */,
				DEF54F8D17A98DE200BDB7D7 /* Btn-CreateText-Align-VerticalCenter@2x.png */,
				DEF54F8E17A98DE200BDB7D7 /* Btn-CreateText-Align-VerticalTop@2x.png */,
				DEF54F8F17A98DE200BDB7D7 /* Btn-CreateText-Cancel@2x.png */,
				DEF54F9017A98DE200BDB7D7 /* Btn-CreateText-Color@2x.png */,
				DEF54F9117A98DE200BDB7D7 /* Btn-CreateText-DoneWhite@2x.png */,
				DEF54F9217A98DE200BDB7D7 /* Btn-CreateText-Eyedropper@2x.png */,
				DEF54F9317A98DE200BDB7D7 /* Btn-CreateText-FontSize@2x.png */,
				DEF54F9417A98DE200BDB7D7 /* Btn-CreateText-FontSizeSlider@2x.png */,
				DEF54F9517A98DE200BDB7D7 /* Btn-CreateText-ResizeMarker@2x.png */,
				DEF54F9617A98DE200BDB7D7 /* Btn-CreateText-SliderMarker@2x.png */,
			);
			name = Text;
			sourceTree = "<group>";
		};
/* End PBXGroup section */

/* Begin PBXNativeTarget section */
		DEA9C03217A7C682000EE522 /* StoryAppProto */ = {
			isa = PBXNativeTarget;
			buildConfigurationList = DEA9C06517A7C682000EE522 /* Build configuration list for PBXNativeTarget "StoryAppProto" */;
			buildPhases = (
				DEA9C02F17A7C682000EE522 /* Sources */,
				DEA9C03017A7C682000EE522 /* Frameworks */,
				DEA9C03117A7C682000EE522 /* Resources */,
			);
			buildRules = (
			);
			dependencies = (
			);
			name = StoryAppProto;
			productName = StoryAppProto;
			productReference = DEA9C03317A7C682000EE522 /* StoryAppProto.app */;
			productType = "com.apple.product-type.application";
		};
		DEA9C05317A7C682000EE522 /* StoryAppProtoTests */ = {
			isa = PBXNativeTarget;
			buildConfigurationList = DEA9C06817A7C682000EE522 /* Build configuration list for PBXNativeTarget "StoryAppProtoTests" */;
			buildPhases = (
				DEA9C05017A7C682000EE522 /* Sources */,
				DEA9C05117A7C682000EE522 /* Frameworks */,
				DEA9C05217A7C682000EE522 /* Resources */,
			);
			buildRules = (
			);
			dependencies = (
				DEA9C05A17A7C682000EE522 /* PBXTargetDependency */,
			);
			name = StoryAppProtoTests;
			productName = StoryAppProtoTests;
			productReference = DEA9C05417A7C682000EE522 /* StoryAppProtoTests.xctest */;
			productType = "com.apple.product-type.bundle.unit-test";
		};
/* End PBXNativeTarget section */

/* Begin PBXProject section */
		DEA9C02B17A7C682000EE522 /* Project object */ = {
			isa = PBXProject;
			attributes = {
				LastUpgradeCheck = 0500;
				ORGANIZATIONNAME = "Marco Argiolas";
				TargetAttributes = {
					DEA9C05317A7C682000EE522 = {
						TestTargetID = DEA9C03217A7C682000EE522;
					};
				};
			};
			buildConfigurationList = DEA9C02E17A7C682000EE522 /* Build configuration list for PBXProject "StoryAppProto" */;
			compatibilityVersion = "Xcode 3.2";
			developmentRegion = English;
			hasScannedForEncodings = 0;
			knownRegions = (
				en,
				Base,
			);
			mainGroup = DEA9C02A17A7C682000EE522;
			productRefGroup = DEA9C03417A7C682000EE522 /* Products */;
			projectDirPath = "";
			projectRoot = "";
			targets = (
				DEA9C03217A7C682000EE522 /* StoryAppProto */,
				DEA9C05317A7C682000EE522 /* StoryAppProtoTests */,
			);
		};
/* End PBXProject section */

/* Begin PBXResourcesBuildPhase section */
		DEA9C03117A7C682000EE522 /* Resources */ = {
			isa = PBXResourcesBuildPhase;
			buildActionMask = 2147483647;
			files = (
				DEF54F9C17A98DE200BDB7D7 /* Btn-CreateText-Align-VerticalTop@2x.png in Resources */,
				DEF54F7A17A98AB400BDB7D7 /* TextViewController.xib in Resources */,
				DEF54FA017A98DE200BDB7D7 /* Btn-CreateText-Eyedropper@2x.png in Resources */,
				DEF54FA217A98DE200BDB7D7 /* Btn-CreateText-FontSizeSlider@2x.png in Resources */,
				DEF54F8617A98DB400BDB7D7 /* Btn-CreateChoice-Photo@2x.png in Resources */,
				DEF54F9817A98DE200BDB7D7 /* Btn-CreateText-Align-Left@2x.png in Resources */,
				DEF54FA717A997A200BDB7D7 /* Btn-CreateText-Font@2x.png in Resources */,
				DEA9C04F17A7C682000EE522 /* Images.xcassets in Resources */,
				DEF54F9717A98DE200BDB7D7 /* Btn-CreateText-Align-Center@2x.png in Resources */,
				DEF54F9E17A98DE200BDB7D7 /* Btn-CreateText-Color@2x.png in Resources */,
				DEA9C04117A7C682000EE522 /* InfoPlist.strings in Resources */,
				DEF54F9B17A98DE200BDB7D7 /* Btn-CreateText-Align-VerticalCenter@2x.png in Resources */,
				DEF54F8517A98DB400BDB7D7 /* Btn-CreateChoice-Gif@2x.png in Resources */,
				DEF54F9A17A98DE200BDB7D7 /* Btn-CreateText-Align-VerticalBottom@2x.png in Resources */,
				DEF54FA117A98DE200BDB7D7 /* Btn-CreateText-FontSize@2x.png in Resources */,
				DEF54F8717A98DB400BDB7D7 /* Btn-CreateChoice-Text@2x.png in Resources */,
				DEA9C04A17A7C682000EE522 /* Main.storyboard in Resources */,
				DEF54FA317A98DE200BDB7D7 /* Btn-CreateText-ResizeMarker@2x.png in Resources */,
				DEF54F7F17A98DA300BDB7D7 /* Bg-Navbar-Shadow@2x.png in Resources */,
				DEF54F8017A98DA300BDB7D7 /* Btn-NavBar-Back@2x.png in Resources */,
				DEF54F9F17A98DE200BDB7D7 /* Btn-CreateText-DoneWhite@2x.png in Resources */,
				DEF54F8117A98DA300BDB7D7 /* Btn-NavBar-Done@2x.png in Resources */,
				DEF54F9917A98DE200BDB7D7 /* Btn-CreateText-Align-Right@2x.png in Resources */,
				DEF54F9D17A98DE200BDB7D7 /* Btn-CreateText-Cancel@2x.png in Resources */,
				DEF54FA417A98DE200BDB7D7 /* Btn-CreateText-SliderMarker@2x.png in Resources */,
			);
			runOnlyForDeploymentPostprocessing = 0;
		};
		DEA9C05217A7C682000EE522 /* Resources */ = {
			isa = PBXResourcesBuildPhase;
			buildActionMask = 2147483647;
			files = (
				DEA9C06017A7C682000EE522 /* InfoPlist.strings in Resources */,
			);
			runOnlyForDeploymentPostprocessing = 0;
		};
/* End PBXResourcesBuildPhase section */

/* Begin PBXSourcesBuildPhase section */
		DEA9C02F17A7C682000EE522 /* Sources */ = {
			isa = PBXSourcesBuildPhase;
			buildActionMask = 2147483647;
			files = (
				DEA9C04D17A7C682000EE522 /* ViewController.m in Sources */,
				DEABA98117A9858B005B6F9E /* TextFilterToolbar.m in Sources */,
				DEA9C04717A7C682000EE522 /* AppDelegate.m in Sources */,
				DEA9C04317A7C682000EE522 /* main.m in Sources */,
				DE3F3BB617A7E5B1001B5707 /* TextViewController.m in Sources */,
			);
			runOnlyForDeploymentPostprocessing = 0;
		};
		DEA9C05017A7C682000EE522 /* Sources */ = {
			isa = PBXSourcesBuildPhase;
			buildActionMask = 2147483647;
			files = (
				DEA9C06217A7C682000EE522 /* StoryAppProtoTests.m in Sources */,
			);
			runOnlyForDeploymentPostprocessing = 0;
		};
/* End PBXSourcesBuildPhase section */

/* Begin PBXTargetDependency section */
		DEA9C05A17A7C682000EE522 /* PBXTargetDependency */ = {
			isa = PBXTargetDependency;
			target = DEA9C03217A7C682000EE522 /* StoryAppProto */;
			targetProxy = DEA9C05917A7C682000EE522 /* PBXContainerItemProxy */;
		};
/* End PBXTargetDependency section */

/* Begin PBXVariantGroup section */
		DEA9C03F17A7C682000EE522 /* InfoPlist.strings */ = {
			isa = PBXVariantGroup;
			children = (
				DEA9C04017A7C682000EE522 /* en */,
			);
			name = InfoPlist.strings;
			sourceTree = "<group>";
		};
		DEA9C04817A7C682000EE522 /* Main.storyboard */ = {
			isa = PBXVariantGroup;
			children = (
				DEA9C04917A7C682000EE522 /* Base */,
			);
			name = Main.storyboard;
			sourceTree = "<group>";
		};
		DEA9C05E17A7C682000EE522 /* InfoPlist.strings */ = {
			isa = PBXVariantGroup;
			children = (
				DEA9C05F17A7C682000EE522 /* en */,
			);
			name = InfoPlist.strings;
			sourceTree = "<group>";
		};
/* End PBXVariantGroup section */

/* Begin XCBuildConfiguration section */
		DEA9C06317A7C682000EE522 /* Debug */ = {
			isa = XCBuildConfiguration;
			buildSettings = {
				ALWAYS_SEARCH_USER_PATHS = NO;
				CLANG_CXX_LANGUAGE_STANDARD = "gnu++0x";
				CLANG_CXX_LIBRARY = "libc++";
				CLANG_ENABLE_MODULES = YES;
				CLANG_ENABLE_OBJC_ARC = YES;
				CLANG_WARN_BOOL_CONVERSION = YES;
				CLANG_WARN_CONSTANT_CONVERSION = YES;
				CLANG_WARN_DIRECT_OBJC_ISA_USAGE = YES_ERROR;
				CLANG_WARN_EMPTY_BODY = YES;
				CLANG_WARN_ENUM_CONVERSION = YES;
				CLANG_WARN_INT_CONVERSION = YES;
				CLANG_WARN_OBJC_ROOT_CLASS = YES_ERROR;
				CLANG_WARN__DUPLICATE_METHOD_MATCH = YES;
				"CODE_SIGN_IDENTITY[sdk=iphoneos*]" = "iPhone Developer";
				COPY_PHASE_STRIP = NO;
				GCC_C_LANGUAGE_STANDARD = gnu99;
				GCC_DYNAMIC_NO_PIC = NO;
				GCC_OPTIMIZATION_LEVEL = 0;
				GCC_PREPROCESSOR_DEFINITIONS = (
					"DEBUG=1",
					"$(inherited)",
				);
				GCC_SYMBOLS_PRIVATE_EXTERN = NO;
				GCC_WARN_ABOUT_RETURN_TYPE = YES_ERROR;
				GCC_WARN_UNDECLARED_SELECTOR = YES;
				GCC_WARN_UNINITIALIZED_AUTOS = YES;
				GCC_WARN_UNUSED_FUNCTION = YES;
				GCC_WARN_UNUSED_VARIABLE = YES;
				IPHONEOS_DEPLOYMENT_TARGET = 7.0;
				ONLY_ACTIVE_ARCH = YES;
				SDKROOT = iphoneos;
			};
			name = Debug;
		};
		DEA9C06417A7C682000EE522 /* Release */ = {
			isa = XCBuildConfiguration;
			buildSettings = {
				ALWAYS_SEARCH_USER_PATHS = NO;
				CLANG_CXX_LANGUAGE_STANDARD = "gnu++0x";
				CLANG_CXX_LIBRARY = "libc++";
				CLANG_ENABLE_MODULES = YES;
				CLANG_ENABLE_OBJC_ARC = YES;
				CLANG_WARN_BOOL_CONVERSION = YES;
				CLANG_WARN_CONSTANT_CONVERSION = YES;
				CLANG_WARN_DIRECT_OBJC_ISA_USAGE = YES_ERROR;
				CLANG_WARN_EMPTY_BODY = YES;
				CLANG_WARN_ENUM_CONVERSION = YES;
				CLANG_WARN_INT_CONVERSION = YES;
				CLANG_WARN_OBJC_ROOT_CLASS = YES_ERROR;
				CLANG_WARN__DUPLICATE_METHOD_MATCH = YES;
				"CODE_SIGN_IDENTITY[sdk=iphoneos*]" = "iPhone Developer";
				COPY_PHASE_STRIP = YES;
				ENABLE_NS_ASSERTIONS = NO;
				GCC_C_LANGUAGE_STANDARD = gnu99;
				GCC_WARN_ABOUT_RETURN_TYPE = YES_ERROR;
				GCC_WARN_UNDECLARED_SELECTOR = YES;
				GCC_WARN_UNINITIALIZED_AUTOS = YES;
				GCC_WARN_UNUSED_FUNCTION = YES;
				GCC_WARN_UNUSED_VARIABLE = YES;
				IPHONEOS_DEPLOYMENT_TARGET = 7.0;
				SDKROOT = iphoneos;
				VALIDATE_PRODUCT = YES;
			};
			name = Release;
		};
		DEA9C06617A7C682000EE522 /* Debug */ = {
			isa = XCBuildConfiguration;
			buildSettings = {
				ASSETCATALOG_COMPILER_APPICON_NAME = AppIcon;
				ASSETCATALOG_COMPILER_LAUNCHIMAGE_NAME = LaunchImage;
				GCC_PRECOMPILE_PREFIX_HEADER = YES;
				GCC_PREFIX_HEADER = "StoryAppProto/StoryAppProto-Prefix.pch";
				INFOPLIST_FILE = "StoryAppProto/StoryAppProto-Info.plist";
				PRODUCT_NAME = "$(TARGET_NAME)";
				WRAPPER_EXTENSION = app;
			};
			name = Debug;
		};
		DEA9C06717A7C682000EE522 /* Release */ = {
			isa = XCBuildConfiguration;
			buildSettings = {
				ASSETCATALOG_COMPILER_APPICON_NAME = AppIcon;
				ASSETCATALOG_COMPILER_LAUNCHIMAGE_NAME = LaunchImage;
				GCC_PRECOMPILE_PREFIX_HEADER = YES;
				GCC_PREFIX_HEADER = "StoryAppProto/StoryAppProto-Prefix.pch";
				INFOPLIST_FILE = "StoryAppProto/StoryAppProto-Info.plist";
				PRODUCT_NAME = "$(TARGET_NAME)";
				WRAPPER_EXTENSION = app;
			};
			name = Release;
		};
		DEA9C06917A7C682000EE522 /* Debug */ = {
			isa = XCBuildConfiguration;
			buildSettings = {
				BUNDLE_LOADER = "$(BUILT_PRODUCTS_DIR)/StoryAppProto.app/StoryAppProto";
				FRAMEWORK_SEARCH_PATHS = (
					"$(SDKROOT)/Developer/Library/Frameworks",
					"$(inherited)",
					"$(SYSTEM_APPS_DIR)/Xcode5-DP3.app/Contents/Developer/Library/Frameworks",
				);
				GCC_PRECOMPILE_PREFIX_HEADER = YES;
				GCC_PREFIX_HEADER = "StoryAppProto/StoryAppProto-Prefix.pch";
				GCC_PREPROCESSOR_DEFINITIONS = (
					"DEBUG=1",
					"$(inherited)",
				);
				INFOPLIST_FILE = "StoryAppProtoTests/StoryAppProtoTests-Info.plist";
				PRODUCT_NAME = "$(TARGET_NAME)";
				TEST_HOST = "$(BUNDLE_LOADER)";
				WRAPPER_EXTENSION = xctest;
			};
			name = Debug;
		};
		DEA9C06A17A7C682000EE522 /* Release */ = {
			isa = XCBuildConfiguration;
			buildSettings = {
				BUNDLE_LOADER = "$(BUILT_PRODUCTS_DIR)/StoryAppProto.app/StoryAppProto";
				FRAMEWORK_SEARCH_PATHS = (
					"$(SDKROOT)/Developer/Library/Frameworks",
					"$(inherited)",
					"$(SYSTEM_APPS_DIR)/Xcode5-DP3.app/Contents/Developer/Library/Frameworks",
				);
				GCC_PRECOMPILE_PREFIX_HEADER = YES;
				GCC_PREFIX_HEADER = "StoryAppProto/StoryAppProto-Prefix.pch";
				INFOPLIST_FILE = "StoryAppProtoTests/StoryAppProtoTests-Info.plist";
				PRODUCT_NAME = "$(TARGET_NAME)";
				TEST_HOST = "$(BUNDLE_LOADER)";
				WRAPPER_EXTENSION = xctest;
			};
			name = Release;
		};
/* End XCBuildConfiguration section */

/* Begin XCConfigurationList section */
		DEA9C02E17A7C682000EE522 /* Build configuration list for PBXProject "StoryAppProto" */ = {
			isa = XCConfigurationList;
			buildConfigurations = (
				DEA9C06317A7C682000EE522 /* Debug */,
				DEA9C06417A7C682000EE522 /* Release */,
			);
			defaultConfigurationIsVisible = 0;
			defaultConfigurationName = Release;
		};
		DEA9C06517A7C682000EE522 /* Build configuration list for PBXNativeTarget "StoryAppProto" */ = {
			isa = XCConfigurationList;
			buildConfigurations = (
				DEA9C06617A7C682000EE522 /* Debug */,
				DEA9C06717A7C682000EE522 /* Release */,
			);
			defaultConfigurationIsVisible = 0;
			defaultConfigurationName = Release;
		};
		DEA9C06817A7C682000EE522 /* Build configuration list for PBXNativeTarget "StoryAppProtoTests" */ = {
			isa = XCConfigurationList;
			buildConfigurations = (
				DEA9C06917A7C682000EE522 /* Debug */,
				DEA9C06A17A7C682000EE522 /* Release */,
			);
			defaultConfigurationIsVisible = 0;
			defaultConfigurationName = Release;
		};
/* End XCConfigurationList section */
	};
	rootObject = DEA9C02B17A7C682000EE522 /* Project object */;
}
